
Microsoft Visual Studio Solution File, Format Version 12.00
# Visual Studio Version 17
VisualStudioVersion = 17.10.35013.160
MinimumVisualStudioVersion = 10.0.40219.1
Project("{FAE04EC0-301F-11D3-BF4B-00C04F79EFBC}") = "1", "1.csproj", "{B451B327-E8D4-4C78-B58B-0A078E21B03F}"
EndProject
Global
	GlobalSection(SolutionConfigurationPlatforms) = preSolution
		Debug|Any CPU = Debug|Any CPU
		Release|Any CPU = Release|Any CPU
	EndGlobalSection
	GlobalSection(ProjectConfigurationPlatforms) = postSolution
		{B451B327-E8D4-4C78-B58B-0A078E21B03F}.Debug|Any CPU.ActiveCfg = Debug|Any CPU
		{B451B327-E8D4-4C78-B58B-0A078E21B03F}.Debug|Any CPU.Build.0 = Debug|Any CPU
		{B451B327-E8D4-4C78-B58B-0A078E21B03F}.Release|Any CPU.ActiveCfg = Release|Any CPU
		{B451B327-E8D4-4C78-B58B-0A078E21B03F}.Release|Any CPU.Build.0 = Release|Any CPU
	EndGlobalSection
	GlobalSection(SolutionProperties) = preSolution
		HideSolutionNode = FALSE
	EndGlobalSection
	GlobalSection(ExtensibilityGlobals) = postSolution
		SolutionGuid = {42DB63C6-7A05-4FFC-AF2E-CD945558B253}
	EndGlobalSection
EndGlobal
